
Microsoft Visual Studio Solution File, Format Version 12.00
# Visual Studio Version 17
VisualStudioVersion = 17.0.31903.59
MinimumVisualStudioVersion = 10.0.40219.1
Project("{FAE04EC0-301F-11D3-BF4B-00C04F79EFBC}") = "EmployeePaySlip2", "EmployeePaySlip2\EmployeePaySlip2.csproj", "{026B4BDE-8AFD-4568-9BDF-7A11DB289D2F}"
EndProject
Global
	GlobalSection(SolutionConfigurationPlatforms) = preSolution
		Debug|Any CPU = Debug|Any CPU
		Release|Any CPU = Release|Any CPU
	EndGlobalSection
	GlobalSection(ProjectConfigurationPlatforms) = postSolution
		{026B4BDE-8AFD-4568-9BDF-7A11DB289D2F}.Debug|Any CPU.ActiveCfg = Debug|Any CPU
		{026B4BDE-8AFD-4568-9BDF-7A11DB289D2F}.Debug|Any CPU.Build.0 = Debug|Any CPU
		{026B4BDE-8AFD-4568-9BDF-7A11DB289D2F}.Release|Any CPU.ActiveCfg = Release|Any CPU
		{026B4BDE-8AFD-4568-9BDF-7A11DB289D2F}.Release|Any CPU.Build.0 = Release|Any CPU
	EndGlobalSection
	GlobalSection(SolutionProperties) = preSolution
		HideSolutionNode = FALSE
	EndGlobalSection
	GlobalSection(ExtensibilityGlobals) = postSolution
		SolutionGuid = {DA86CEC7-858E-480B-83CF-697F9DF5BC22}
	EndGlobalSection
EndGlobal
